
Microsoft Visual Studio Solution File, Format Version 12.00
# Visual Studio Version 16
VisualStudioVersion = 16.0.30320.27
MinimumVisualStudioVersion = 10.0.40219.1
Project("{8BC9CEB8-8B4A-11D0-8D11-00A0C91BC942}") = "OpenGL_Renderer", "OpenGL_Renderer\OpenGL_Renderer.vcxproj", "{B3FFA61C-8E95-4371-BDAF-AC0D4CA898ED}"
EndProject
Project("{2150E333-8FDC-42A3-9474-1A3956D46DE8}") = "Solution Items", "Solution Items", "{1C134C77-F28B-492C-A05A-0DAB965E85E6}"
	ProjectSection(SolutionItems) = preProject
		OpenGL_Renderer\src\ShaderProgram.cpp = OpenGL_Renderer\src\ShaderProgram.cpp
		OpenGL_Renderer\src\ShaderProgram.h = OpenGL_Renderer\src\ShaderProgram.h
	EndProjectSection
EndProject
Global
	GlobalSection(SolutionConfigurationPlatforms) = preSolution
		Debug|x64 = Debug|x64
		Debug|x86 = Debug|x86
		Release|x64 = Release|x64
		Release|x86 = Release|x86
	EndGlobalSection
	GlobalSection(ProjectConfigurationPlatforms) = postSolution
		{B3FFA61C-8E95-4371-BDAF-AC0D4CA898ED}.Debug|x64.ActiveCfg = Debug|x64
		{B3FFA61C-8E95-4371-BDAF-AC0D4CA898ED}.Debug|x64.Build.0 = Debug|x64
		{B3FFA61C-8E95-4371-BDAF-AC0D4CA898ED}.Debug|x86.ActiveCfg = Debug|Win32
		{B3FFA61C-8E95-4371-BDAF-AC0D4CA898ED}.Debug|x86.Build.0 = Debug|Win32
		{B3FFA61C-8E95-4371-BDAF-AC0D4CA898ED}.Release|x64.ActiveCfg = Release|x64
		{B3FFA61C-8E95-4371-BDAF-AC0D4CA898ED}.Release|x64.Build.0 = Release|x64
		{B3FFA61C-8E95-4371-BDAF-AC0D4CA898ED}.Release|x86.ActiveCfg = Release|Win32
		{B3FFA61C-8E95-4371-BDAF-AC0D4CA898ED}.Release|x86.Build.0 = Release|Win32
	EndGlobalSection
	GlobalSection(SolutionProperties) = preSolution
		HideSolutionNode = FALSE
	EndGlobalSection
	GlobalSection(ExtensibilityGlobals) = postSolution
		SolutionGuid = {B10CA69B-93F9-47CD-BC58-0CC59F466279}
	EndGlobalSection
EndGlobal
