<?xml version="1.0" encoding="utf-8"?>
<Project ToolsVersion="4.0" xmlns="http://schemas.microsoft.com/developer/msbuild/2003">
  <ItemGroup>
    <Filter Include="Source Files">
      <UniqueIdentifier>{4FC737F1-C7A5-4376-A066-2A32D752A2FF}</UniqueIdentifier>
      <Extensions>cpp;c;cc;cxx;c++;def;odl;idl;hpj;bat;asm;asmx</Extensions>
    </Filter>
    <Filter Include="Header Files">
      <UniqueIdentifier>{93995380-89BD-4b04-88EB-625FBE52EBFB}</UniqueIdentifier>
      <Extensions>h;hh;hpp;hxx;h++;hm;inl;inc;ipp;xsd</Extensions>
    </Filter>
    <Filter Include="Resource Files">
      <UniqueIdentifier>{67DA6AB6-F800-4c08-8B7A-83BB121AAD01}</UniqueIdentifier>
      <Extensions>rc;ico;cur;bmp;dlg;rc2;rct;bin;rgs;gif;jpg;jpeg;jpe;resx;tiff;tif;png;wav;mfcribbon-ms</Extensions>
    </Filter>
    <Filter Include="Shaders">
      <UniqueIdentifier>{74127818-d609-4731-968d-5cc9161bca70}</UniqueIdentifier>
    </Filter>
    <Filter Include="Shaders\PBR">
      <UniqueIdentifier>{02920ac6-cdeb-4182-8b7f-f1cd4c406920}</UniqueIdentifier>
    </Filter>
    <Filter Include="Shaders\LightObject_Defaults">
      <UniqueIdentifier>{da23d5b6-ff06-4e4e-9b47-3c7f4b5c8ebf}</UniqueIdentifier>
    </Filter>
    <Filter Include="Tests">
      <UniqueIdentifier>{71c277a9-77e2-4c3e-a8a3-ce5173f300f1}</UniqueIdentifier>
    </Filter>
    <Filter Include="ECS">
      <UniqueIdentifier>{422e51bf-1f94-4778-8dfb-b5a99ac26e29}</UniqueIdentifier>
    </Filter>
    <Filter Include="Components">
      <UniqueIdentifier>{3db09e74-42e8-475f-8744-4049a3d6bdd9}</UniqueIdentifier>
    </Filter>
  </ItemGroup>
  <ItemGroup>
    <ClCompile Include="src\ShaderProgram.cpp">
      <Filter>Source Files</Filter>
    </ClCompile>
    <ClCompile Include="src\Texture2D.cpp">
      <Filter>Source Files</Filter>
    </ClCompile>
    <ClCompile Include="src\Camera.cpp">
      <Filter>Source Files</Filter>
    </ClCompile>
    <ClCompile Include="src\Mesh.cpp">
      <Filter>Source Files</Filter>
    </ClCompile>
    <ClCompile Include="src\LightObject.cpp">
      <Filter>Source Files</Filter>
    </ClCompile>
    <ClCompile Include="src\vendor\imgui\imgui.cpp">
      <Filter>Source Files</Filter>
    </ClCompile>
    <ClCompile Include="src\vendor\imgui\imgui_demo.cpp">
      <Filter>Source Files</Filter>
    </ClCompile>
    <ClCompile Include="src\vendor\imgui\imgui_draw.cpp">
      <Filter>Source Files</Filter>
    </ClCompile>
    <ClCompile Include="src\vendor\imgui\imgui_impl_glfw.cpp">
      <Filter>Source Files</Filter>
    </ClCompile>
    <ClCompile Include="src\vendor\imgui\imgui_impl_opengl3.cpp">
      <Filter>Source Files</Filter>
    </ClCompile>
    <ClCompile Include="src\vendor\imgui\imgui_widgets.cpp">
      <Filter>Source Files</Filter>
    </ClCompile>
    <ClCompile Include="src\main.cpp">
      <Filter>Source Files</Filter>
    </ClCompile>
    <ClCompile Include="src\imGuiStyleSheet.cpp">
      <Filter>Source Files</Filter>
    </ClCompile>
    <ClCompile Include="src\FrameBuffer.cpp">
      <Filter>Source Files</Filter>
    </ClCompile>
    <ClCompile Include="src\ECS\ECS_Manager.cpp">
      <Filter>ECS</Filter>
    </ClCompile>
    <ClCompile Include="src\Tests\test.cpp">
      <Filter>Tests</Filter>
    </ClCompile>
    <ClCompile Include="src\Tests\test_Dock.cpp">
      <Filter>Tests</Filter>
    </ClCompile>
    <ClCompile Include="src\Tests\test_PBR.cpp">
      <Filter>Tests</Filter>
    </ClCompile>
    <ClCompile Include="src\Components\Transform.cpp">
      <Filter>Components</Filter>
    </ClCompile>
    <ClCompile Include="src\ECS\ComponentManager.cpp">
      <Filter>ECS</Filter>
    </ClCompile>
    <ClCompile Include="src\ECS\SystemManager.cpp">
      <Filter>ECS</Filter>
    </ClCompile>
    <ClCompile Include="src\ECS\EntityManager.cpp">
      <Filter>ECS</Filter>
    </ClCompile>
    <ClCompile Include="src\Tests\test_ECS.cpp">
      <Filter>Tests</Filter>
    </ClCompile>
    <ClCompile Include="src\Components\ObjectData.cpp">
      <Filter>Components</Filter>
    </ClCompile>
  </ItemGroup>
  <ItemGroup>
    <ClInclude Include="src\ShaderProgram.h">
      <Filter>Header Files</Filter>
    </ClInclude>
    <ClInclude Include="src\Texture2D.h">
      <Filter>Header Files</Filter>
    </ClInclude>
    <ClInclude Include="src\Camera.h">
      <Filter>Header Files</Filter>
    </ClInclude>
    <ClInclude Include="src\Mesh.h">
      <Filter>Header Files</Filter>
    </ClInclude>
    <ClInclude Include="src\LightObject.h">
      <Filter>Header Files</Filter>
    </ClInclude>
    <ClInclude Include="src\vendor\imgui\imconfig.h">
      <Filter>Header Files</Filter>
    </ClInclude>
    <ClInclude Include="src\vendor\imgui\imgui.h">
      <Filter>Header Files</Filter>
    </ClInclude>
    <ClInclude Include="src\vendor\imgui\imgui_impl_glfw.h">
      <Filter>Header Files</Filter>
    </ClInclude>
    <ClInclude Include="src\vendor\imgui\imgui_impl_opengl3.h">
      <Filter>Header Files</Filter>
    </ClInclude>
    <ClInclude Include="src\vendor\imgui\imgui_internal.h">
      <Filter>Header Files</Filter>
    </ClInclude>
    <ClInclude Include="src\vendor\imgui\imstb_rectpack.h">
      <Filter>Header Files</Filter>
    </ClInclude>
    <ClInclude Include="src\vendor\imgui\imstb_textedit.h">
      <Filter>Header Files</Filter>
    </ClInclude>
    <ClInclude Include="src\vendor\imgui\imstb_truetype.h">
      <Filter>Header Files</Filter>
    </ClInclude>
    <ClInclude Include="src\imGuiStyleSheet.h">
      <Filter>Source Files</Filter>
    </ClInclude>
    <ClInclude Include="resource.h">
      <Filter>Header Files</Filter>
    </ClInclude>
    <ClInclude Include="src\FrameBuffer.h">
      <Filter>Header Files</Filter>
    </ClInclude>
    <ClInclude Include="src\ECS\ECS_Manager.h">
      <Filter>ECS</Filter>
    </ClInclude>
    <ClInclude Include="src\Tests\test.h">
      <Filter>Tests</Filter>
    </ClInclude>
    <ClInclude Include="src\Tests\test_Dock.h">
      <Filter>Tests</Filter>
    </ClInclude>
    <ClInclude Include="src\Tests\test_PBR.h">
      <Filter>Tests</Filter>
    </ClInclude>
    <ClInclude Include="src\Components\Transform.h">
      <Filter>Components</Filter>
    </ClInclude>
    <ClInclude Include="src\ECS\ComponentManager.h">
      <Filter>ECS</Filter>
    </ClInclude>
    <ClInclude Include="src\ECS\SystemManager.h">
      <Filter>ECS</Filter>
    </ClInclude>
    <ClInclude Include="src\ECS\EntityManager.h">
      <Filter>ECS</Filter>
    </ClInclude>
    <ClInclude Include="src\Tests\test_ECS.h">
      <Filter>Tests</Filter>
    </ClInclude>
    <ClInclude Include="src\ECS\ECS.h">
      <Filter>ECS</Filter>
    </ClInclude>
    <ClInclude Include="src\ECS\Entity.h">
      <Filter>ECS</Filter>
    </ClInclude>
    <ClInclude Include="src\ECS\Component.h">
      <Filter>ECS</Filter>
    </ClInclude>
    <ClInclude Include="src\Components\ObjectData.h">
      <Filter>Components</Filter>
    </ClInclude>
  </ItemGroup>
  <ItemGroup>
    <None Include="bin\basic.frag">
      <Filter>Shaders</Filter>
    </None>
    <None Include="bin\basic.vert">
      <Filter>Shaders</Filter>
    </None>
    <None Include="bin\lighting.frag">
      <Filter>Shaders</Filter>
    </None>
    <None Include="bin\lighting.vert">
      <Filter>Shaders</Filter>
    </None>
    <None Include="bin\lightingDirectional.frag">
      <Filter>Shaders</Filter>
    </None>
    <None Include="bin\lightingDirectional.vert">
      <Filter>Shaders</Filter>
    </None>
    <None Include="bin\lightingPoint.frag">
      <Filter>Shaders</Filter>
    </None>
    <None Include="bin\lightingPoint.vert">
      <Filter>Shaders</Filter>
    </None>
    <None Include="bin\lightingSpot.frag">
      <Filter>Shaders</Filter>
    </None>
    <None Include="bin\lightingSpot.vert">
      <Filter>Shaders</Filter>
    </None>
    <None Include="bin\lightingMultiple.frag">
      <Filter>Shaders</Filter>
    </None>
    <None Include="bin\lightingMultiple.vert">
      <Filter>Shaders</Filter>
    </None>
    <None Include="bin\pbr.frag">
      <Filter>Shaders\PBR</Filter>
    </None>
    <None Include="bin\pbr.vert">
      <Filter>Shaders\PBR</Filter>
    </None>
    <None Include="bin\cubemap.frag">
      <Filter>Shaders\PBR</Filter>
    </None>
    <None Include="bin\cubemap.vert">
      <Filter>Shaders\PBR</Filter>
    </None>
  </ItemGroup>
  <ItemGroup>
    <Text Include="src\vendor\imgui\LICENSE.txt" />
  </ItemGroup>
  <ItemGroup>
    <ResourceCompile Include="OpenGL_Renderer.rc">
      <Filter>Resource Files</Filter>
    </ResourceCompile>
  </ItemGroup>
</Project>