<?xml version="1.0" encoding="utf-8"?>
<Project ToolsVersion="4.0" xmlns="http://schemas.microsoft.com/developer/msbuild/2003">
  <ItemGroup>
    <Filter Include="Source Files">
      <UniqueIdentifier>{4FC737F1-C7A5-4376-A066-2A32D752A2FF}</UniqueIdentifier>
      <Extensions>cpp;c;cc;cxx;c++;def;odl;idl;hpj;bat;asm;asmx</Extensions>
    </Filter>
    <Filter Include="Header Files">
      <UniqueIdentifier>{93995380-89BD-4b04-88EB-625FBE52EBFB}</UniqueIdentifier>
      <Extensions>h;hh;hpp;hxx;h++;hm;inl;inc;ipp;xsd</Extensions>
    </Filter>
    <Filter Include="Resource Files">
      <UniqueIdentifier>{67DA6AB6-F800-4c08-8B7A-83BB121AAD01}</UniqueIdentifier>
      <Extensions>rc;ico;cur;bmp;dlg;rc2;rct;bin;rgs;gif;jpg;jpeg;jpe;resx;tiff;tif;png;wav;mfcribbon-ms</Extensions>
    </Filter>
    <Filter Include="Shaders">
      <UniqueIdentifier>{74127818-d609-4731-968d-5cc9161bca70}</UniqueIdentifier>
    </Filter>
    <Filter Include="ECS">
      <UniqueIdentifier>{422e51bf-1f94-4778-8dfb-b5a99ac26e29}</UniqueIdentifier>
    </Filter>
    <Filter Include="Components">
      <UniqueIdentifier>{3db09e74-42e8-475f-8744-4049a3d6bdd9}</UniqueIdentifier>
    </Filter>
    <Filter Include="_Tests">
      <UniqueIdentifier>{71c277a9-77e2-4c3e-a8a3-ce5173f300f1}</UniqueIdentifier>
    </Filter>
    <Filter Include="ENGINE">
      <UniqueIdentifier>{5e59690f-ff76-4d24-bbb2-52f787520475}</UniqueIdentifier>
    </Filter>
    <Filter Include="Vendor">
      <UniqueIdentifier>{8d0d37f2-c352-4269-af54-5ff5b4048250}</UniqueIdentifier>
    </Filter>
    <Filter Include="Vendor\ImGuizmo">
      <UniqueIdentifier>{7c14f159-1f3c-4adf-a7ec-95ad2bec5c8f}</UniqueIdentifier>
    </Filter>
    <Filter Include="Components\scripts">
      <UniqueIdentifier>{7288accc-0617-4e08-a7af-f3f968a56dec}</UniqueIdentifier>
    </Filter>
    <Filter Include="Shaders\Depth Test">
      <UniqueIdentifier>{62025bbc-1d76-497e-8ba2-d5adffc6362f}</UniqueIdentifier>
    </Filter>
    <Filter Include="_Tests\Default Test">
      <UniqueIdentifier>{6134da60-ffcc-44e5-9ca8-bae114e040cb}</UniqueIdentifier>
    </Filter>
    <Filter Include="Shaders\Shader_PBR">
      <UniqueIdentifier>{02920ac6-cdeb-4182-8b7f-f1cd4c406920}</UniqueIdentifier>
    </Filter>
    <Filter Include="Shaders\Blinn-Phong">
      <UniqueIdentifier>{b33e49df-49d4-4339-a5f9-7dc6d4c3dc7e}</UniqueIdentifier>
    </Filter>
    <Filter Include="Shaders\shadow_Depth">
      <UniqueIdentifier>{6f714cb8-f3a8-4923-a967-fea2d81bf356}</UniqueIdentifier>
    </Filter>
    <Filter Include="Shaders\Standard_Lit">
      <UniqueIdentifier>{eabb6a21-949a-4817-bd56-30209c219f80}</UniqueIdentifier>
    </Filter>
    <Filter Include="Shaders\Standard_Unlit">
      <UniqueIdentifier>{679c55cc-23ea-4580-b5a5-f83028b7bacc}</UniqueIdentifier>
    </Filter>
    <Filter Include="Shaders\_Shader_UniformSetter">
      <UniqueIdentifier>{32a6b0a6-3801-4734-a548-9c40076c6182}</UniqueIdentifier>
    </Filter>
  </ItemGroup>
  <ItemGroup>
    <ClCompile Include="src\Engine\ShaderProgram.cpp">
      <Filter>Source Files</Filter>
    </ClCompile>
    <ClCompile Include="src\Engine\Texture2D.cpp">
      <Filter>Source Files</Filter>
    </ClCompile>
    <ClCompile Include="src\Components\Camera.cpp">
      <Filter>Source Files</Filter>
    </ClCompile>
    <ClCompile Include="src\Engine\Mesh.cpp">
      <Filter>Source Files</Filter>
    </ClCompile>
    <ClCompile Include="src\Components\LightObject.cpp">
      <Filter>Source Files</Filter>
    </ClCompile>
    <ClCompile Include="src\main.cpp">
      <Filter>Source Files</Filter>
    </ClCompile>
    <ClCompile Include="src\Editor\imGuiStyleSheet.cpp">
      <Filter>Source Files</Filter>
    </ClCompile>
    <ClCompile Include="src\Tests\test.cpp">
      <Filter>_Tests</Filter>
    </ClCompile>
    <ClCompile Include="src\Tests\test_Dock.cpp">
      <Filter>_Tests</Filter>
    </ClCompile>
    <ClCompile Include="src\Tests\test_PBR.cpp">
      <Filter>_Tests</Filter>
    </ClCompile>
    <ClCompile Include="src\Components\Transform.cpp">
      <Filter>Components</Filter>
    </ClCompile>
    <ClCompile Include="src\ECS\EntityManager.cpp">
      <Filter>ECS</Filter>
    </ClCompile>
    <ClCompile Include="src\Tests\test_ECS.cpp">
      <Filter>_Tests</Filter>
    </ClCompile>
    <ClCompile Include="src\Components\ObjectData.cpp">
      <Filter>Components</Filter>
    </ClCompile>
    <ClCompile Include="src\ECS\Component.cpp">
      <Filter>ECS</Filter>
    </ClCompile>
    <ClCompile Include="src\Engine\EditorGUI.cpp">
      <Filter>ENGINE</Filter>
    </ClCompile>
    <ClCompile Include="src\vendor\imgui\imgui.cpp">
      <Filter>Vendor</Filter>
    </ClCompile>
    <ClCompile Include="src\vendor\imgui\imgui_demo.cpp">
      <Filter>Vendor</Filter>
    </ClCompile>
    <ClCompile Include="src\vendor\imgui\imgui_draw.cpp">
      <Filter>Vendor</Filter>
    </ClCompile>
    <ClCompile Include="src\vendor\imgui\imgui_impl_glfw.cpp">
      <Filter>Vendor</Filter>
    </ClCompile>
    <ClCompile Include="src\vendor\imgui\imgui_impl_opengl3.cpp">
      <Filter>Vendor</Filter>
    </ClCompile>
    <ClCompile Include="src\Engine\Buffers\FrameBuffer.cpp">
      <Filter>Source Files</Filter>
    </ClCompile>
    <ClCompile Include="src\vendor\imgui\imgui_widgets.cpp">
      <Filter>Vendor\ImGuizmo</Filter>
    </ClCompile>
    <ClCompile Include="src\vendor\ImGuizmo\ImGuizmo.cpp">
      <Filter>Vendor\ImGuizmo</Filter>
    </ClCompile>
    <ClCompile Include="src\vendor\ImGuizmo\ImSequencer.cpp">
      <Filter>Vendor\ImGuizmo</Filter>
    </ClCompile>
    <ClCompile Include="src\vendor\ImGuizmo\ImCurveEdit.cpp">
      <Filter>Vendor\ImGuizmo</Filter>
    </ClCompile>
    <ClCompile Include="src\vendor\ImGuizmo\ImGradient.cpp">
      <Filter>Vendor\ImGuizmo</Filter>
    </ClCompile>
    <ClCompile Include="src\Components\EditorCamera.cpp">
      <Filter>Components</Filter>
    </ClCompile>
    <ClCompile Include="src\Tests\test_imguizmo.cpp">
      <Filter>_Tests</Filter>
    </ClCompile>
    <ClCompile Include="src\Components\scripts\script_simpleBehaviours.cpp">
      <Filter>Components\scripts</Filter>
    </ClCompile>
    <ClCompile Include="src\Tests\Default Test\test_defaultTest.cpp">
      <Filter>_Tests\Default Test</Filter>
    </ClCompile>
    <ClCompile Include="src\Tests\test_shadowMap.cpp">
      <Filter>_Tests</Filter>
    </ClCompile>
    <ClCompile Include="src\Engine\Shader_UniformSetter.cpp">
      <Filter>Shaders\_Shader_UniformSetter</Filter>
    </ClCompile>
    <ClCompile Include="src\Engine\Buffers\DepthBuffer.cpp">
      <Filter>Source Files</Filter>
    </ClCompile>
    <ClCompile Include="src\Components\Terrain.cpp">
      <Filter>Source Files</Filter>
    </ClCompile>
    <ClCompile Include="src\Components\SkyBox.cpp">
      <Filter>Source Files</Filter>
    </ClCompile>
    <ClCompile Include="src\Engine\Buffers\Depth_Pass.cpp">
      <Filter>Source Files</Filter>
    </ClCompile>
    <ClCompile Include="src\Engine\Anim_Mesh.cpp">
      <Filter>Source Files</Filter>
    </ClCompile>
    <ClCompile Include="src\Engine\Mesh_Material.cpp">
      <Filter>Source Files</Filter>
    </ClCompile>
    <ClCompile Include="src\Engine\Mesh_Animator.cpp">
      <Filter>Source Files</Filter>
    </ClCompile>
    <ClCompile Include="src\Tests\test_post_processing.cpp">
      <Filter>Source Files</Filter>
    </ClCompile>
  </ItemGroup>
  <ItemGroup>
    <ClInclude Include="src\Engine\ShaderProgram.h">
      <Filter>Header Files</Filter>
    </ClInclude>
    <ClInclude Include="src\Engine\Texture2D.h">
      <Filter>Header Files</Filter>
    </ClInclude>
    <ClInclude Include="src\Components\Camera.h">
      <Filter>Header Files</Filter>
    </ClInclude>
    <ClInclude Include="src\Engine\Mesh.h">
      <Filter>Header Files</Filter>
    </ClInclude>
    <ClInclude Include="src\Components\LightObject.h">
      <Filter>Header Files</Filter>
    </ClInclude>
    <ClInclude Include="src\vendor\imgui\imconfig.h">
      <Filter>Header Files</Filter>
    </ClInclude>
    <ClInclude Include="src\vendor\imgui\imgui.h">
      <Filter>Header Files</Filter>
    </ClInclude>
    <ClInclude Include="src\vendor\imgui\imgui_impl_glfw.h">
      <Filter>Header Files</Filter>
    </ClInclude>
    <ClInclude Include="src\vendor\imgui\imgui_impl_opengl3.h">
      <Filter>Header Files</Filter>
    </ClInclude>
    <ClInclude Include="src\vendor\imgui\imgui_internal.h">
      <Filter>Header Files</Filter>
    </ClInclude>
    <ClInclude Include="src\vendor\imgui\imstb_rectpack.h">
      <Filter>Header Files</Filter>
    </ClInclude>
    <ClInclude Include="src\vendor\imgui\imstb_textedit.h">
      <Filter>Header Files</Filter>
    </ClInclude>
    <ClInclude Include="src\vendor\imgui\imstb_truetype.h">
      <Filter>Header Files</Filter>
    </ClInclude>
    <ClInclude Include="src\Editor\imGuiStyleSheet.h">
      <Filter>Source Files</Filter>
    </ClInclude>
    <ClInclude Include="resource.h">
      <Filter>Header Files</Filter>
    </ClInclude>
    <ClInclude Include="src\Tests\test.h">
      <Filter>_Tests</Filter>
    </ClInclude>
    <ClInclude Include="src\Tests\test_Dock.h">
      <Filter>_Tests</Filter>
    </ClInclude>
    <ClInclude Include="src\Tests\test_PBR.h">
      <Filter>_Tests</Filter>
    </ClInclude>
    <ClInclude Include="src\Components\Transform.h">
      <Filter>Components</Filter>
    </ClInclude>
    <ClInclude Include="src\ECS\EntityManager.h">
      <Filter>ECS</Filter>
    </ClInclude>
    <ClInclude Include="src\Tests\test_ECS.h">
      <Filter>_Tests</Filter>
    </ClInclude>
    <ClInclude Include="src\ECS\ECS.h">
      <Filter>ECS</Filter>
    </ClInclude>
    <ClInclude Include="src\ECS\Entity.h">
      <Filter>ECS</Filter>
    </ClInclude>
    <ClInclude Include="src\ECS\Component.h">
      <Filter>ECS</Filter>
    </ClInclude>
    <ClInclude Include="src\Components\ObjectData.h">
      <Filter>Components</Filter>
    </ClInclude>
    <ClInclude Include="src\Engine\EditorGUI.h">
      <Filter>ENGINE</Filter>
    </ClInclude>
    <ClInclude Include="src\Engine\ECS_List.h">
      <Filter>ENGINE</Filter>
    </ClInclude>
    <ClInclude Include="src\Engine\Buffers\FrameBuffer.h">
      <Filter>Source Files</Filter>
    </ClInclude>
    <ClInclude Include="src\vendor\ImGuizmo\ImZoomSlider.h">
      <Filter>Vendor\ImGuizmo</Filter>
    </ClInclude>
    <ClInclude Include="src\vendor\ImGuizmo\ImGuizmo.h">
      <Filter>Vendor\ImGuizmo</Filter>
    </ClInclude>
    <ClInclude Include="src\vendor\ImGuizmo\ImSequencer.h">
      <Filter>Vendor\ImGuizmo</Filter>
    </ClInclude>
    <ClInclude Include="src\vendor\ImGuizmo\ImCurveEdit.h">
      <Filter>Vendor\ImGuizmo</Filter>
    </ClInclude>
    <ClInclude Include="src\vendor\ImGuizmo\ImGradient.h">
      <Filter>Vendor\ImGuizmo</Filter>
    </ClInclude>
    <ClInclude Include="src\Components\EditorCamera.h">
      <Filter>Components</Filter>
    </ClInclude>
    <ClInclude Include="src\Tests\test_imguizmo.h">
      <Filter>_Tests</Filter>
    </ClInclude>
    <ClInclude Include="src\Components\scripts\script_simpleBehaviours.h">
      <Filter>Components\scripts</Filter>
    </ClInclude>
    <ClInclude Include="src\Tests\Default Test\test_defaultTest.h">
      <Filter>_Tests\Default Test</Filter>
    </ClInclude>
    <ClInclude Include="src\Tests\test_shadowMap.h">
      <Filter>_Tests</Filter>
    </ClInclude>
    <ClInclude Include="src\Tests\test_List.h">
      <Filter>_Tests</Filter>
    </ClInclude>
    <ClInclude Include="src\Engine\Shader_UniformSetter.h">
      <Filter>Shaders\_Shader_UniformSetter</Filter>
    </ClInclude>
    <ClInclude Include="src\Engine\Shader_DefaultUniforms.h">
      <Filter>Shaders\Standard_Unlit</Filter>
    </ClInclude>
    <ClInclude Include="src\Engine\Shader_PBR_Uniforms.h">
      <Filter>Shaders\Shader_PBR</Filter>
    </ClInclude>
    <ClInclude Include="src\Engine\Shader_Blinn_Phong_Uniforms.h">
      <Filter>Shaders\Blinn-Phong</Filter>
    </ClInclude>
    <ClInclude Include="src\Engine\Buffers\DepthBuffer.h">
      <Filter>Source Files</Filter>
    </ClInclude>
    <ClInclude Include="src\Engine\Shader_Standard_Lit_Uniforms.h">
      <Filter>Shaders\Standard_Lit</Filter>
    </ClInclude>
    <ClInclude Include="src\Engine\Engine_Core.h">
      <Filter>Header Files</Filter>
    </ClInclude>
    <ClInclude Include="src\Math\Engine_Math.h">
      <Filter>Header Files</Filter>
    </ClInclude>
    <ClInclude Include="src\ECS\Engine_ECS.h">
      <Filter>Header Files</Filter>
    </ClInclude>
    <ClInclude Include="src\Editor\Engine_Editor.h">
      <Filter>Header Files</Filter>
    </ClInclude>
    <ClInclude Include="src\Engine\Engine_UtilityFunctions.h">
      <Filter>Header Files</Filter>
    </ClInclude>
    <ClInclude Include="src\Engine\Shader_Standard_Skybox_Uniforms.h">
      <Filter>Header Files</Filter>
    </ClInclude>
    <ClInclude Include="src\Components\Terrain.h">
      <Filter>Header Files</Filter>
    </ClInclude>
    <ClInclude Include="src\Components\SkyBox.h">
      <Filter>Header Files</Filter>
    </ClInclude>
    <ClInclude Include="src\Engine\Shader_Terrain_Uniforms.h">
      <Filter>Header Files</Filter>
    </ClInclude>
    <ClInclude Include="src\Engine\Shader_Water_Uniforms.h">
      <Filter>Header Files</Filter>
    </ClInclude>
    <ClInclude Include="src\Engine\Buffers\Depth_Pass.h">
      <Filter>Header Files</Filter>
    </ClInclude>
    <ClInclude Include="src\Engine\Anim_Mesh.h">
      <Filter>Header Files</Filter>
    </ClInclude>
    <ClInclude Include="src\Engine\Mesh_Material.h">
      <Filter>Header Files</Filter>
    </ClInclude>
    <ClInclude Include="src\Engine\Mesh_Animator.h">
      <Filter>Header Files</Filter>
    </ClInclude>
    <ClInclude Include="src\Engine\Shader_Post_Processing_Uniforms.h">
      <Filter>Header Files</Filter>
    </ClInclude>
    <ClInclude Include="src\Tests\test_post_processing.h">
      <Filter>Header Files</Filter>
    </ClInclude>
  </ItemGroup>
  <ItemGroup>
    <None Include="bin\lighting.frag">
      <Filter>Shaders</Filter>
    </None>
    <None Include="bin\lighting.vert">
      <Filter>Shaders</Filter>
    </None>
    <None Include="bin\lightingDirectional.frag">
      <Filter>Shaders</Filter>
    </None>
    <None Include="bin\lightingDirectional.vert">
      <Filter>Shaders</Filter>
    </None>
    <None Include="bin\lightingPoint.frag">
      <Filter>Shaders</Filter>
    </None>
    <None Include="bin\lightingPoint.vert">
      <Filter>Shaders</Filter>
    </None>
    <None Include="bin\lightingSpot.frag">
      <Filter>Shaders</Filter>
    </None>
    <None Include="bin\lightingSpot.vert">
      <Filter>Shaders</Filter>
    </None>
    <None Include="bin\lightingMultiple.frag">
      <Filter>Shaders</Filter>
    </None>
    <None Include="bin\lightingMultiple.vert">
      <Filter>Shaders</Filter>
    </None>
    <None Include="bin\pbr.frag">
      <Filter>Shaders\Shader_PBR</Filter>
    </None>
    <None Include="bin\pbr.vert">
      <Filter>Shaders\Shader_PBR</Filter>
    </None>
    <None Include="bin\cubemap.frag">
      <Filter>Shaders\Shader_PBR</Filter>
    </None>
    <None Include="bin\cubemap.vert">
      <Filter>Shaders\Shader_PBR</Filter>
    </None>
    <None Include="bin\Shaders\DepthTest\depthTest.frag">
      <Filter>Shaders\Depth Test</Filter>
    </None>
    <None Include="bin\Shaders\DepthTest\depthTest.vert">
      <Filter>Shaders\Depth Test</Filter>
    </None>
    <None Include="bin\objectDefaults\basic.vert">
      <Filter>Shaders\Standard_Unlit</Filter>
    </None>
    <None Include="bin\objectDefaults\basic.frag">
      <Filter>Shaders\Standard_Unlit</Filter>
    </None>
    <None Include="bin\Shaders\Blinn-Phong\Blinn-Phong.frag">
      <Filter>Shaders\Blinn-Phong</Filter>
    </None>
    <None Include="bin\Shaders\Blinn-Phong\Blinn-Phong.vert">
      <Filter>Shaders\Blinn-Phong</Filter>
    </None>
    <None Include="bin\Shaders\ShadowMapping\shadow_depth.frag">
      <Filter>Shaders\shadow_Depth</Filter>
    </None>
    <None Include="bin\Shaders\ShadowMapping\shadow_depth.vert">
      <Filter>Shaders\shadow_Depth</Filter>
    </None>
    <None Include="bin\Shaders\Standard_Lit\Standard_Lit.frag">
      <Filter>Shaders\Standard_Lit</Filter>
    </None>
    <None Include="bin\Shaders\Standard_Lit\Standard_Lit.vert">
      <Filter>Shaders\Standard_Lit</Filter>
    </None>
  </ItemGroup>
  <ItemGroup>
    <Text Include="src\vendor\imgui\LICENSE.txt" />
  </ItemGroup>
  <ItemGroup>
    <ResourceCompile Include="OpenGL_Renderer.rc">
      <Filter>Resource Files</Filter>
    </ResourceCompile>
  </ItemGroup>
</Project>